
Microsoft Visual Studio Solution File, Format Version 12.00
# Visual Studio Version 16
VisualStudioVersion = 16.0.31005.135
MinimumVisualStudioVersion = 10.0.40219.1
Project("{9A19103F-16F7-4668-BE54-9A1E7A4F7556}") = "contracts_api", "contracts_api.csproj", "{1AB5D2E6-AC52-45A1-99CA-860FBDB05BD9}"
EndProject
Global
	GlobalSection(SolutionConfigurationPlatforms) = preSolution
		Debug|Any CPU = Debug|Any CPU
		Release|Any CPU = Release|Any CPU
	EndGlobalSection
	GlobalSection(ProjectConfigurationPlatforms) = postSolution
		{1AB5D2E6-AC52-45A1-99CA-860FBDB05BD9}.Debug|Any CPU.ActiveCfg = Debug|Any CPU
		{1AB5D2E6-AC52-45A1-99CA-860FBDB05BD9}.Debug|Any CPU.Build.0 = Debug|Any CPU
		{1AB5D2E6-AC52-45A1-99CA-860FBDB05BD9}.Release|Any CPU.ActiveCfg = Release|Any CPU
		{1AB5D2E6-AC52-45A1-99CA-860FBDB05BD9}.Release|Any CPU.Build.0 = Release|Any CPU
	EndGlobalSection
	GlobalSection(SolutionProperties) = preSolution
		HideSolutionNode = FALSE
	EndGlobalSection
	GlobalSection(ExtensibilityGlobals) = postSolution
		SolutionGuid = {6F977BF5-D832-452F-A14F-009D1324CCAC}
	EndGlobalSection
EndGlobal
